
Microsoft Visual Studio Solution File, Format Version 12.00
# Visual Studio Version 17
VisualStudioVersion = 17.11.35327.3
MinimumVisualStudioVersion = 10.0.40219.1
Project("{FAE04EC0-301F-11D3-BF4B-00C04F79EFBC}") = "SFML_snake", "SFML_snake\SFML_snake.csproj", "{989E2136-8501-465A-8867-CC34A575758A}"
EndProject
Global
	GlobalSection(SolutionConfigurationPlatforms) = preSolution
		Debug|Any CPU = Debug|Any CPU
		Release|Any CPU = Release|Any CPU
	EndGlobalSection
	GlobalSection(ProjectConfigurationPlatforms) = postSolution
		{989E2136-8501-465A-8867-CC34A575758A}.Debug|Any CPU.ActiveCfg = Debug|Any CPU
		{989E2136-8501-465A-8867-CC34A575758A}.Debug|Any CPU.Build.0 = Debug|Any CPU
		{989E2136-8501-465A-8867-CC34A575758A}.Release|Any CPU.ActiveCfg = Release|Any CPU
		{989E2136-8501-465A-8867-CC34A575758A}.Release|Any CPU.Build.0 = Release|Any CPU
	EndGlobalSection
	GlobalSection(SolutionProperties) = preSolution
		HideSolutionNode = FALSE
	EndGlobalSection
	GlobalSection(ExtensibilityGlobals) = postSolution
		SolutionGuid = {B659AEC8-5758-4288-9113-7488EC1E6993}
	EndGlobalSection
EndGlobal
